{
  "name": "mintbase-sdk",
<<<<<<< HEAD
  "version": "0.0.4-rc14",
=======
  "version": "0.0.4-rc13",
>>>>>>> 13ef051b74169585474db2d02e62b324acf823ec
  "lockfileVersion": 2,
  "requires": true,
  "packages": {
    "": {
      "name": "mintbase-sdk",
<<<<<<< HEAD
      "version": "0.0.4-rc14",
=======
      "version": "0.0.4-rc13",
>>>>>>> 13ef051b74169585474db2d02e62b324acf823ec
      "license": "ISC"
    }
  }
}
